{
  "name": "quadruped",
  "lockfileVersion": 3,
  "requires": true,
  "packages": {
    "": {
      "dependencies": {
        "cloc": "^2.2.0-cloc"
      }
    },
    "node_modules/cloc": {
      "version": "2.2.0-cloc",
      "resolved": "https://registry.npmjs.org/cloc/-/cloc-2.2.0-cloc.tgz",
      "integrity": "sha512-h2sJRjD8v8fYPez2nGbdQC5DEolV1zOVQT/m3CWJXEhJtBs11wDduHvl+485uPhxnSjmlQCJfxYJruSz2nT38g==",
      "bin": {
        "cloc": "lib/cloc"
      }
    }
  }
}
